PODS:
  - connectivity (0.0.1):
    - Flutter
    - Reachability
  - Flutter (1.0.0)
  - flutter_inappwebview_fork (0.0.1):
    - Flutter
  - Reachability (3.2)
  - url_launcher (0.0.1):
    - Flutter

DEPENDENCIES:
  - connectivity (from `.symlinks/plugins/connectivity/ios`)
  - Flutter (from `Flutter`)
  - flutter_inappwebview_fork (from `.symlinks/plugins/flutter_inappwebview_fork/ios`)
  - url_launcher (from `.symlinks/plugins/url_launcher/ios`)

SPEC REPOS:
  trunk:
    - Reachability

EXTERNAL SOURCES:
  connectivity:
    :path: ".symlinks/plugins/connectivity/ios"
  Flutter:
    :path: Flutter
  flutter_inappwebview_fork:
    :path: ".symlinks/plugins/flutter_inappwebview_fork/ios"
  url_launcher:
    :path: ".symlinks/plugins/url_launcher/ios"

SPEC CHECKSUMS:
  connectivity: c4130b2985d4ef6fd26f9702e886bd5260681467
  Flutter: 0e3d915762c693b495b44d77113d4970485de6ec
  flutter_inappwebview_fork: c5e44b5f26163a49546d90db56ddc975c50205f7
  Reachability: 33e18b67625424e47b6cde6d202dce689ad7af96
  url_launcher: 6fef411d543ceb26efce54b05a0a40bfd74cbbef

PODFILE CHECKSUM: 6dedb1540be46ced3d55e8a59c36d3aeb357131a

COCOAPODS: 1.9.3
